
Microsoft Visual Studio Solution File, Format Version 12.00
# Visual Studio Version 16
VisualStudioVersion = 16.0.30204.135
MinimumVisualStudioVersion = 10.0.40219.1
Project("{2150E333-8FDC-42A3-9474-1A3956D46DE8}") = "1 - Services", "1 - Services", "{6C815100-068D-4A74-BB8B-79E06437C1F9}"
EndProject
Project("{2150E333-8FDC-42A3-9474-1A3956D46DE8}") = "2 - Domain", "2 - Domain", "{EE29EE4C-073C-4776-B33E-244A847A11BE}"
EndProject
Project("{2150E333-8FDC-42A3-9474-1A3956D46DE8}") = "3 - Infra", "3 - Infra", "{F35FE927-D6B4-4B7C-A066-A4CA2F10AF5C}"
EndProject
Project("{2150E333-8FDC-42A3-9474-1A3956D46DE8}") = "CrossCutting", "CrossCutting", "{C0254CF4-F960-47F7-ACF3-3DA37FD0A8CA}"
EndProject
Project("{9A19103F-16F7-4668-BE54-9A1E7A4F7556}") = "Calculadora.Api", "src\Calculadora.Api\Calculadora.Api.csproj", "{94AE2AC9-D1AB-40A3-A0E7-2030D1F77FCB}"
EndProject
Project("{9A19103F-16F7-4668-BE54-9A1E7A4F7556}") = "SoftPlanTest.Infra.CrossCutting.IoC", "src\SoftPlanTest.Infra.CrossCutting.IoC\SoftPlanTest.Infra.CrossCutting.IoC.csproj", "{5D65E3A8-5A0C-432C-9644-9919296F186A}"
EndProject
Project("{9A19103F-16F7-4668-BE54-9A1E7A4F7556}") = "SoftPlanTest.Domain", "src\SoftPlanTest.Domain\SoftPlanTest.Domain.csproj", "{D4BE530D-C5B1-49B7-AB99-7F51D2F8E527}"
EndProject
Project("{2150E333-8FDC-42A3-9474-1A3956D46DE8}") = "4 - Tests", "4 - Tests", "{5E7FF6C5-9FE0-4C15-B2F1-D63084F04ABA}"
EndProject
Project("{9A19103F-16F7-4668-BE54-9A1E7A4F7556}") = "SoftPlanTest.Tests.Domain", "tests\SoftPlanTest.Tests.Domain\SoftPlanTest.Tests.Domain.csproj", "{92975ADD-6763-47B3-AC85-B8515AEB0893}"
EndProject
Project("{9A19103F-16F7-4668-BE54-9A1E7A4F7556}") = "SoftplanTeste.Domain.Common", "src\SoftplanTeste.Domain.Common\SoftplanTeste.Domain.Common.csproj", "{AAC14187-50F7-4E1D-9009-A4D6DBDA2D9C}"
EndProject
Project("{2150E333-8FDC-42A3-9474-1A3956D46DE8}") = "Sevices", "Sevices", "{D348D662-2AFF-4DA2-88D9-9EB59BF5C5EC}"
EndProject
Project("{2150E333-8FDC-42A3-9474-1A3956D46DE8}") = "TaxaJuros", "TaxaJuros", "{9FF14F4F-C4D2-45D0-A8CC-F087A22D9112}"
EndProject
Project("{9A19103F-16F7-4668-BE54-9A1E7A4F7556}") = "SoftTest.TaxaJuros.Api", "src\SoftTest.TaxaJuros.Api\SoftTest.TaxaJuros.Api.csproj", "{FC8FC0BB-9E99-41F2-8FB5-F4F228C860CB}"
EndProject
Project("{2150E333-8FDC-42A3-9474-1A3956D46DE8}") = "CalculadoraJuros", "CalculadoraJuros", "{D1574988-09A2-4B05-BD01-8B5511F59878}"
EndProject
Project("{9A19103F-16F7-4668-BE54-9A1E7A4F7556}") = "SoftTest.CalculadoraJuros.Api", "src\SoftTest.CalculadoraJuros.Api\SoftTest.CalculadoraJuros.Api.csproj", "{13DF6BB1-91C0-4E7D-B56C-162D67511036}"
EndProject
Project("{9A19103F-16F7-4668-BE54-9A1E7A4F7556}") = "SoftTest.CalculadoraJuros.Domain", "src\SoftTest.CalculadoraJuros.Domain\SoftTest.CalculadoraJuros.Domain.csproj", "{06B6392A-A577-4D65-96D5-12E12C7B081F}"
EndProject
Project("{9A19103F-16F7-4668-BE54-9A1E7A4F7556}") = "SoftTest.CalculadoraJuros.Data", "src\SoftTest.CalculadoraJuros.Data\SoftTest.CalculadoraJuros.Data.csproj", "{EE515D76-7207-42F2-9167-BE9F1A6ADAB7}"
EndProject
Project("{2150E333-8FDC-42A3-9474-1A3956D46DE8}") = "Testes", "Testes", "{8AAC93B7-2671-471A-A02C-939DFAAA04D0}"
EndProject
Project("{9A19103F-16F7-4668-BE54-9A1E7A4F7556}") = "SoftTest.CalculadoraJuros.Domain.Testes", "tests\SoftTest.CalculadoraJuros.Domain.Tests\SoftTest.CalculadoraJuros.Domain.Testes.csproj", "{3F9034F2-415D-441B-AFB2-9DE584542DD8}"
EndProject
Project("{2150E333-8FDC-42A3-9474-1A3956D46DE8}") = "Shared", "Shared", "{8DEE42CF-D794-4ADA-A6D9-6AED3A23D394}"
EndProject
Project("{FAE04EC0-301F-11D3-BF4B-00C04F79EFBC}") = "SoftTest.Shared", "src\SoftTest.Shared\SoftTest.Shared.csproj", "{2E82ECB9-A8E4-4A5D-911E-A7B9F1501D57}"
EndProject
Global
	GlobalSection(SolutionConfigurationPlatforms) = preSolution
		Debug|Any CPU = Debug|Any CPU
		Release|Any CPU = Release|Any CPU
	EndGlobalSection
	GlobalSection(ProjectConfigurationPlatforms) = postSolution
		{94AE2AC9-D1AB-40A3-A0E7-2030D1F77FCB}.Debug|Any CPU.ActiveCfg = Debug|Any CPU
		{94AE2AC9-D1AB-40A3-A0E7-2030D1F77FCB}.Debug|Any CPU.Build.0 = Debug|Any CPU
		{94AE2AC9-D1AB-40A3-A0E7-2030D1F77FCB}.Release|Any CPU.ActiveCfg = Release|Any CPU
		{94AE2AC9-D1AB-40A3-A0E7-2030D1F77FCB}.Release|Any CPU.Build.0 = Release|Any CPU
		{5D65E3A8-5A0C-432C-9644-9919296F186A}.Debug|Any CPU.ActiveCfg = Debug|Any CPU
		{5D65E3A8-5A0C-432C-9644-9919296F186A}.Debug|Any CPU.Build.0 = Debug|Any CPU
		{5D65E3A8-5A0C-432C-9644-9919296F186A}.Release|Any CPU.ActiveCfg = Release|Any CPU
		{5D65E3A8-5A0C-432C-9644-9919296F186A}.Release|Any CPU.Build.0 = Release|Any CPU
		{D4BE530D-C5B1-49B7-AB99-7F51D2F8E527}.Debug|Any CPU.ActiveCfg = Debug|Any CPU
		{D4BE530D-C5B1-49B7-AB99-7F51D2F8E527}.Debug|Any CPU.Build.0 = Debug|Any CPU
		{D4BE530D-C5B1-49B7-AB99-7F51D2F8E527}.Release|Any CPU.ActiveCfg = Release|Any CPU
		{D4BE530D-C5B1-49B7-AB99-7F51D2F8E527}.Release|Any CPU.Build.0 = Release|Any CPU
		{92975ADD-6763-47B3-AC85-B8515AEB0893}.Debug|Any CPU.ActiveCfg = Debug|Any CPU
		{92975ADD-6763-47B3-AC85-B8515AEB0893}.Debug|Any CPU.Build.0 = Debug|Any CPU
		{92975ADD-6763-47B3-AC85-B8515AEB0893}.Release|Any CPU.ActiveCfg = Release|Any CPU
		{92975ADD-6763-47B3-AC85-B8515AEB0893}.Release|Any CPU.Build.0 = Release|Any CPU
		{AAC14187-50F7-4E1D-9009-A4D6DBDA2D9C}.Debug|Any CPU.ActiveCfg = Debug|Any CPU
		{AAC14187-50F7-4E1D-9009-A4D6DBDA2D9C}.Debug|Any CPU.Build.0 = Debug|Any CPU
		{AAC14187-50F7-4E1D-9009-A4D6DBDA2D9C}.Release|Any CPU.ActiveCfg = Release|Any CPU
		{AAC14187-50F7-4E1D-9009-A4D6DBDA2D9C}.Release|Any CPU.Build.0 = Release|Any CPU
		{FC8FC0BB-9E99-41F2-8FB5-F4F228C860CB}.Debug|Any CPU.ActiveCfg = Debug|Any CPU
		{FC8FC0BB-9E99-41F2-8FB5-F4F228C860CB}.Debug|Any CPU.Build.0 = Debug|Any CPU
		{FC8FC0BB-9E99-41F2-8FB5-F4F228C860CB}.Release|Any CPU.ActiveCfg = Release|Any CPU
		{FC8FC0BB-9E99-41F2-8FB5-F4F228C860CB}.Release|Any CPU.Build.0 = Release|Any CPU
		{13DF6BB1-91C0-4E7D-B56C-162D67511036}.Debug|Any CPU.ActiveCfg = Debug|Any CPU
		{13DF6BB1-91C0-4E7D-B56C-162D67511036}.Debug|Any CPU.Build.0 = Debug|Any CPU
		{13DF6BB1-91C0-4E7D-B56C-162D67511036}.Release|Any CPU.ActiveCfg = Release|Any CPU
		{13DF6BB1-91C0-4E7D-B56C-162D67511036}.Release|Any CPU.Build.0 = Release|Any CPU
		{06B6392A-A577-4D65-96D5-12E12C7B081F}.Debug|Any CPU.ActiveCfg = Debug|Any CPU
		{06B6392A-A577-4D65-96D5-12E12C7B081F}.Debug|Any CPU.Build.0 = Debug|Any CPU
		{06B6392A-A577-4D65-96D5-12E12C7B081F}.Release|Any CPU.ActiveCfg = Release|Any CPU
		{06B6392A-A577-4D65-96D5-12E12C7B081F}.Release|Any CPU.Build.0 = Release|Any CPU
		{EE515D76-7207-42F2-9167-BE9F1A6ADAB7}.Debug|Any CPU.ActiveCfg = Debug|Any CPU
		{EE515D76-7207-42F2-9167-BE9F1A6ADAB7}.Debug|Any CPU.Build.0 = Debug|Any CPU
		{EE515D76-7207-42F2-9167-BE9F1A6ADAB7}.Release|Any CPU.ActiveCfg = Release|Any CPU
		{EE515D76-7207-42F2-9167-BE9F1A6ADAB7}.Release|Any CPU.Build.0 = Release|Any CPU
		{3F9034F2-415D-441B-AFB2-9DE584542DD8}.Debug|Any CPU.ActiveCfg = Debug|Any CPU
		{3F9034F2-415D-441B-AFB2-9DE584542DD8}.Debug|Any CPU.Build.0 = Debug|Any CPU
		{3F9034F2-415D-441B-AFB2-9DE584542DD8}.Release|Any CPU.ActiveCfg = Release|Any CPU
		{3F9034F2-415D-441B-AFB2-9DE584542DD8}.Release|Any CPU.Build.0 = Release|Any CPU
		{2E82ECB9-A8E4-4A5D-911E-A7B9F1501D57}.Debug|Any CPU.ActiveCfg = Debug|Any CPU
		{2E82ECB9-A8E4-4A5D-911E-A7B9F1501D57}.Debug|Any CPU.Build.0 = Debug|Any CPU
		{2E82ECB9-A8E4-4A5D-911E-A7B9F1501D57}.Release|Any CPU.ActiveCfg = Release|Any CPU
		{2E82ECB9-A8E4-4A5D-911E-A7B9F1501D57}.Release|Any CPU.Build.0 = Release|Any CPU
	EndGlobalSection
	GlobalSection(SolutionProperties) = preSolution
		HideSolutionNode = FALSE
	EndGlobalSection
	GlobalSection(NestedProjects) = preSolution
		{C0254CF4-F960-47F7-ACF3-3DA37FD0A8CA} = {F35FE927-D6B4-4B7C-A066-A4CA2F10AF5C}
		{94AE2AC9-D1AB-40A3-A0E7-2030D1F77FCB} = {6C815100-068D-4A74-BB8B-79E06437C1F9}
		{5D65E3A8-5A0C-432C-9644-9919296F186A} = {C0254CF4-F960-47F7-ACF3-3DA37FD0A8CA}
		{D4BE530D-C5B1-49B7-AB99-7F51D2F8E527} = {EE29EE4C-073C-4776-B33E-244A847A11BE}
		{92975ADD-6763-47B3-AC85-B8515AEB0893} = {5E7FF6C5-9FE0-4C15-B2F1-D63084F04ABA}
		{AAC14187-50F7-4E1D-9009-A4D6DBDA2D9C} = {EE29EE4C-073C-4776-B33E-244A847A11BE}
		{9FF14F4F-C4D2-45D0-A8CC-F087A22D9112} = {D348D662-2AFF-4DA2-88D9-9EB59BF5C5EC}
		{FC8FC0BB-9E99-41F2-8FB5-F4F228C860CB} = {9FF14F4F-C4D2-45D0-A8CC-F087A22D9112}
		{D1574988-09A2-4B05-BD01-8B5511F59878} = {D348D662-2AFF-4DA2-88D9-9EB59BF5C5EC}
		{13DF6BB1-91C0-4E7D-B56C-162D67511036} = {D1574988-09A2-4B05-BD01-8B5511F59878}
		{06B6392A-A577-4D65-96D5-12E12C7B081F} = {D1574988-09A2-4B05-BD01-8B5511F59878}
		{EE515D76-7207-42F2-9167-BE9F1A6ADAB7} = {D1574988-09A2-4B05-BD01-8B5511F59878}
		{8AAC93B7-2671-471A-A02C-939DFAAA04D0} = {D1574988-09A2-4B05-BD01-8B5511F59878}
		{3F9034F2-415D-441B-AFB2-9DE584542DD8} = {8AAC93B7-2671-471A-A02C-939DFAAA04D0}
		{8DEE42CF-D794-4ADA-A6D9-6AED3A23D394} = {D348D662-2AFF-4DA2-88D9-9EB59BF5C5EC}
		{2E82ECB9-A8E4-4A5D-911E-A7B9F1501D57} = {8DEE42CF-D794-4ADA-A6D9-6AED3A23D394}
	EndGlobalSection
	GlobalSection(ExtensibilityGlobals) = postSolution
		SolutionGuid = {F5585533-5672-43C9-B25D-E46FD3D04222}
	EndGlobalSection
EndGlobal
