
Microsoft Visual Studio Solution File, Format Version 12.00
# Visual Studio 15
VisualStudioVersion = 15.0.28010.2050
MinimumVisualStudioVersion = 10.0.40219.1
Project("{2150E333-8FDC-42A3-9474-1A3956D46DE8}") = "1 - Services", "1 - Services", "{6C815100-068D-4A74-BB8B-79E06437C1F9}"
EndProject
Project("{2150E333-8FDC-42A3-9474-1A3956D46DE8}") = "2 - Domain", "2 - Domain", "{EE29EE4C-073C-4776-B33E-244A847A11BE}"
EndProject
Project("{2150E333-8FDC-42A3-9474-1A3956D46DE8}") = "3 - Infra", "3 - Infra", "{F35FE927-D6B4-4B7C-A066-A4CA2F10AF5C}"
EndProject
Project("{2150E333-8FDC-42A3-9474-1A3956D46DE8}") = "CrossCutting", "CrossCutting", "{C0254CF4-F960-47F7-ACF3-3DA37FD0A8CA}"
EndProject
Project("{FAE04EC0-301F-11D3-BF4B-00C04F79EFBC}") = "Calculadora.Api", "src\Calculadora.Api\Calculadora.Api.csproj", "{94AE2AC9-D1AB-40A3-A0E7-2030D1F77FCB}"
EndProject
Project("{FAE04EC0-301F-11D3-BF4B-00C04F79EFBC}") = "SoftPlanTest.Infra.CrossCutting.IoC", "src\SoftPlanTest.Infra.CrossCutting.IoC\SoftPlanTest.Infra.CrossCutting.IoC.csproj", "{5D65E3A8-5A0C-432C-9644-9919296F186A}"
EndProject
Project("{FAE04EC0-301F-11D3-BF4B-00C04F79EFBC}") = "SoftPlanTest.Domain", "src\SoftPlanTest.Domain\SoftPlanTest.Domain.csproj", "{D4BE530D-C5B1-49B7-AB99-7F51D2F8E527}"
EndProject
Project("{2150E333-8FDC-42A3-9474-1A3956D46DE8}") = "4 - Tests", "4 - Tests", "{5E7FF6C5-9FE0-4C15-B2F1-D63084F04ABA}"
EndProject
Project("{FAE04EC0-301F-11D3-BF4B-00C04F79EFBC}") = "SoftPlanTest.Tests.Domain", "tests\SoftPlanTest.Tests.Domain\SoftPlanTest.Tests.Domain.csproj", "{92975ADD-6763-47B3-AC85-B8515AEB0893}"
EndProject
Project("{FAE04EC0-301F-11D3-BF4B-00C04F79EFBC}") = "SoftplanTeste.Domain.Common", "src\SoftplanTeste.Domain.Common\SoftplanTeste.Domain.Common.csproj", "{AAC14187-50F7-4E1D-9009-A4D6DBDA2D9C}"
EndProject
Global
	GlobalSection(SolutionConfigurationPlatforms) = preSolution
		Debug|Any CPU = Debug|Any CPU
		Release|Any CPU = Release|Any CPU
	EndGlobalSection
	GlobalSection(ProjectConfigurationPlatforms) = postSolution
		{94AE2AC9-D1AB-40A3-A0E7-2030D1F77FCB}.Debug|Any CPU.ActiveCfg = Debug|Any CPU
		{94AE2AC9-D1AB-40A3-A0E7-2030D1F77FCB}.Debug|Any CPU.Build.0 = Debug|Any CPU
		{94AE2AC9-D1AB-40A3-A0E7-2030D1F77FCB}.Release|Any CPU.ActiveCfg = Release|Any CPU
		{94AE2AC9-D1AB-40A3-A0E7-2030D1F77FCB}.Release|Any CPU.Build.0 = Release|Any CPU
		{5D65E3A8-5A0C-432C-9644-9919296F186A}.Debug|Any CPU.ActiveCfg = Debug|Any CPU
		{5D65E3A8-5A0C-432C-9644-9919296F186A}.Debug|Any CPU.Build.0 = Debug|Any CPU
		{5D65E3A8-5A0C-432C-9644-9919296F186A}.Release|Any CPU.ActiveCfg = Release|Any CPU
		{5D65E3A8-5A0C-432C-9644-9919296F186A}.Release|Any CPU.Build.0 = Release|Any CPU
		{D4BE530D-C5B1-49B7-AB99-7F51D2F8E527}.Debug|Any CPU.ActiveCfg = Debug|Any CPU
		{D4BE530D-C5B1-49B7-AB99-7F51D2F8E527}.Debug|Any CPU.Build.0 = Debug|Any CPU
		{D4BE530D-C5B1-49B7-AB99-7F51D2F8E527}.Release|Any CPU.ActiveCfg = Release|Any CPU
		{D4BE530D-C5B1-49B7-AB99-7F51D2F8E527}.Release|Any CPU.Build.0 = Release|Any CPU
		{92975ADD-6763-47B3-AC85-B8515AEB0893}.Debug|Any CPU.ActiveCfg = Debug|Any CPU
		{92975ADD-6763-47B3-AC85-B8515AEB0893}.Debug|Any CPU.Build.0 = Debug|Any CPU
		{92975ADD-6763-47B3-AC85-B8515AEB0893}.Release|Any CPU.ActiveCfg = Release|Any CPU
		{92975ADD-6763-47B3-AC85-B8515AEB0893}.Release|Any CPU.Build.0 = Release|Any CPU
		{AAC14187-50F7-4E1D-9009-A4D6DBDA2D9C}.Debug|Any CPU.ActiveCfg = Debug|Any CPU
		{AAC14187-50F7-4E1D-9009-A4D6DBDA2D9C}.Debug|Any CPU.Build.0 = Debug|Any CPU
		{AAC14187-50F7-4E1D-9009-A4D6DBDA2D9C}.Release|Any CPU.ActiveCfg = Release|Any CPU
		{AAC14187-50F7-4E1D-9009-A4D6DBDA2D9C}.Release|Any CPU.Build.0 = Release|Any CPU
	EndGlobalSection
	GlobalSection(SolutionProperties) = preSolution
		HideSolutionNode = FALSE
	EndGlobalSection
	GlobalSection(NestedProjects) = preSolution
		{C0254CF4-F960-47F7-ACF3-3DA37FD0A8CA} = {F35FE927-D6B4-4B7C-A066-A4CA2F10AF5C}
		{94AE2AC9-D1AB-40A3-A0E7-2030D1F77FCB} = {6C815100-068D-4A74-BB8B-79E06437C1F9}
		{5D65E3A8-5A0C-432C-9644-9919296F186A} = {C0254CF4-F960-47F7-ACF3-3DA37FD0A8CA}
		{D4BE530D-C5B1-49B7-AB99-7F51D2F8E527} = {EE29EE4C-073C-4776-B33E-244A847A11BE}
		{92975ADD-6763-47B3-AC85-B8515AEB0893} = {5E7FF6C5-9FE0-4C15-B2F1-D63084F04ABA}
		{AAC14187-50F7-4E1D-9009-A4D6DBDA2D9C} = {EE29EE4C-073C-4776-B33E-244A847A11BE}
	EndGlobalSection
	GlobalSection(ExtensibilityGlobals) = postSolution
		SolutionGuid = {F5585533-5672-43C9-B25D-E46FD3D04222}
	EndGlobalSection
EndGlobal
